# THIS IS AN AUTOGENERATED FILE. DO NOT EDIT THIS FILE DIRECTLY.
# yarn lockfile v1


"@esbuild/darwin-arm64@0.19.3":
  "integrity" "sha512-kw7e3FXU+VsJSSSl2nMKvACYlwtvZB8RUIeVShIEY6PVnuZ3c9+L9lWB2nWeeKWNNYDdtL19foCQ0ZyUL7nqGw=="
  "resolved" "https://registry.npmjs.org/@esbuild/darwin-arm64/-/darwin-arm64-0.19.3.tgz"
  "version" "0.19.3"

"@hotwired/stimulus@^3.0.0", "@hotwired/stimulus@^3.0.1", "@hotwired/stimulus@^3.2.2", "@hotwired/stimulus@>= 3":
  "integrity" "sha512-eGeIqNOQpXoPAIP7tC1+1Yc1yl1xnwYqg+3mzqxyrbE5pg5YFBZcA6YoTiByJB6DKAEsiWtl6tjTJS4IYtbB7A=="
  "resolved" "https://registry.npmjs.org/@hotwired/stimulus/-/stimulus-3.2.2.tgz"
  "version" "3.2.2"

"@hotwired/turbo-rails@^7.3.0":
  "integrity" "sha512-fvhO64vp/a2UVQ3jue9WTc2JisMv9XilIC7ViZmXAREVwiQ2S4UC7Go8f9A1j4Xu7DBI6SbFdqILk5ImqVoqyA=="
  "resolved" "https://registry.npmjs.org/@hotwired/turbo-rails/-/turbo-rails-7.3.0.tgz"
  "version" "7.3.0"
  dependencies:
    "@hotwired/turbo" "^7.3.0"
    "@rails/actioncable" "^7.0"

"@hotwired/turbo@^7.3.0":
  "integrity" "sha512-Dcu+NaSvHLT7EjrDrkEmH4qET2ZJZ5IcCWmNXxNQTBwlnE5tBZfN6WxZ842n5cHV52DH/AKNirbPBtcEXDLW4g=="
  "resolved" "https://registry.npmjs.org/@hotwired/turbo/-/turbo-7.3.0.tgz"
  "version" "7.3.0"

"@orchidjs/sifter@^1.0.3":
  "integrity" "sha512-zCZbwKegHytfsPm8Amcfh7v/4vHqTAaOu6xFswBYcn8nznBOuseu6COB2ON7ez0tFV0mKL0nRNnCiZZA+lU9/g=="
  "resolved" "https://registry.npmjs.org/@orchidjs/sifter/-/sifter-1.0.3.tgz"
  "version" "1.0.3"
  dependencies:
    "@orchidjs/unicode-variants" "^1.0.4"

"@orchidjs/unicode-variants@^1.0.4":
  "integrity" "sha512-NvVBRnZNE+dugiXERFsET1JlKZfM5lJDEpSMilKW4bToYJ7pxf0Zne78xyXB2ny2c2aHfJ6WLnz1AaTNHAmQeQ=="
  "resolved" "https://registry.npmjs.org/@orchidjs/unicode-variants/-/unicode-variants-1.0.4.tgz"
  "version" "1.0.4"

"@rails/actioncable@^7.0":
  "integrity" "sha512-NqHf4XDkeVaNk/r+TBo2aAMkjPyRPEfZkSqCTijfWukW1zTZ2XLDfvFzbpRCuWZ6gxItgoa/FkILZm27HRh2yg=="
  "resolved" "https://registry.npmjs.org/@rails/actioncable/-/actioncable-7.0.7.tgz"
  "version" "7.0.7"

"camelcase-css@^2.0.1":
  "integrity" "sha512-QOSvevhslijgYwRx6Rv7zKdMF8lbRmx+uQGx2+vDc+KI/eBnsy9kit5aj23AgGu3pa4t9AgwbnXWqS+iOY+2aA=="
  "resolved" "https://registry.npmjs.org/camelcase-css/-/camelcase-css-2.0.1.tgz"
  "version" "2.0.1"

"css-selector-tokenizer@^0.8":
  "integrity" "sha512-Jd6Ig3/pe62/qe5SBPTN8h8LeUg/pT4lLgtavPf7updwwHpvFzxvOQBHYj2LZDMjUnBzgvIUSjRcf6oT5HzHFg=="
  "resolved" "https://registry.npmjs.org/css-selector-tokenizer/-/css-selector-tokenizer-0.8.0.tgz"
  "version" "0.8.0"
  dependencies:
    "cssesc" "^3.0.0"
    "fastparse" "^1.1.2"

"cssesc@^3.0.0":
  "integrity" "sha512-/Tb/JcjK111nNScGob5MNtsntNM1aCNUDipB/TkwZFhyDrrE47SOx/18wF2bbjgc3ZzCSKW1T5nt5EbFoAz/Vg=="
  "resolved" "https://registry.npmjs.org/cssesc/-/cssesc-3.0.0.tgz"
  "version" "3.0.0"

"culori@^3":
  "integrity" "sha512-HIEbTSP7vs1mPq/2P9In6QyFE0Tkpevh0k9a+FkjhD+cwsYm9WRSbn4uMdW9O0yXlNYC3ppxL3gWWPOcvEl57w=="
  "resolved" "https://registry.npmjs.org/culori/-/culori-3.2.0.tgz"
  "version" "3.2.0"

"daisyui@^4.0.5":
  "integrity" "sha512-UNHgz5puB9YHlTM6/BsjHmc1G08i0YP/5Qth9zoeP3pdFrIJ5WOkHeDBx8jmmz29rqoG4Q1PCRbsGo4WyiVlKg=="
  "resolved" "https://registry.npmjs.org/daisyui/-/daisyui-4.0.5.tgz"
  "version" "4.0.5"
  dependencies:
    "css-selector-tokenizer" "^0.8"
    "culori" "^3"
    "picocolors" "^1"
    "postcss-js" "^4"

"debounce@^1.2.1":
  "integrity" "sha512-XRRe6Glud4rd/ZGQfiV1ruXSfbvfJedlV9Y6zOlP+2K04vBYiJEte6stfFkCP03aMnY5tsipamumUjL14fofug=="
  "resolved" "https://registry.npmjs.org/debounce/-/debounce-1.2.1.tgz"
  "version" "1.2.1"

"esbuild@^0.19.3":
  "integrity" "sha512-UlJ1qUUA2jL2nNib1JTSkifQTcYTroFqRjwCFW4QYEKEsixXD5Tik9xML7zh2gTxkYTBKGHNH9y7txMwVyPbjw=="
  "resolved" "https://registry.npmjs.org/esbuild/-/esbuild-0.19.3.tgz"
  "version" "0.19.3"
  optionalDependencies:
    "@esbuild/android-arm" "0.19.3"
    "@esbuild/android-arm64" "0.19.3"
    "@esbuild/android-x64" "0.19.3"
    "@esbuild/darwin-arm64" "0.19.3"
    "@esbuild/darwin-x64" "0.19.3"
    "@esbuild/freebsd-arm64" "0.19.3"
    "@esbuild/freebsd-x64" "0.19.3"
    "@esbuild/linux-arm" "0.19.3"
    "@esbuild/linux-arm64" "0.19.3"
    "@esbuild/linux-ia32" "0.19.3"
    "@esbuild/linux-loong64" "0.19.3"
    "@esbuild/linux-mips64el" "0.19.3"
    "@esbuild/linux-ppc64" "0.19.3"
    "@esbuild/linux-riscv64" "0.19.3"
    "@esbuild/linux-s390x" "0.19.3"
    "@esbuild/linux-x64" "0.19.3"
    "@esbuild/netbsd-x64" "0.19.3"
    "@esbuild/openbsd-x64" "0.19.3"
    "@esbuild/sunos-x64" "0.19.3"
    "@esbuild/win32-arm64" "0.19.3"
    "@esbuild/win32-ia32" "0.19.3"
    "@esbuild/win32-x64" "0.19.3"

"fastparse@^1.1.2":
  "integrity" "sha512-483XLLxTVIwWK3QTrMGRqUfUpoOs/0hbQrl2oz4J0pAcm3A3bu84wxTFqGqkJzewCLdME38xJLJAxBABfQT8sQ=="
  "resolved" "https://registry.npmjs.org/fastparse/-/fastparse-1.1.2.tgz"
  "version" "1.1.2"

"hotkeys-js@>=3":
  "integrity" "sha512-Z+N573ycUKIGwFYS3ID1RzMJiGmtWMGKMiaNLyJS8B1ei+MllF4ZYmKS2T0kMWBktOz+WZLVNikftEgnukOrXg=="
  "resolved" "https://registry.npmjs.org/hotkeys-js/-/hotkeys-js-3.12.0.tgz"
  "version" "3.12.0"

"nanoid@^3.3.6":
  "integrity" "sha512-eSRppjcPIatRIMC1U6UngP8XFcz8MQWGQdt1MTBQ7NaAmvXDfvNxbvWV3x2y6CdEUciCSsDHDQZbhYaB8QEo2g=="
  "resolved" "https://registry.npmjs.org/nanoid/-/nanoid-3.3.7.tgz"
  "version" "3.3.7"

"picocolors@^1", "picocolors@^1.0.0":
  "integrity" "sha512-1fygroTLlHu66zi26VoTDv8yRgm0Fccecssto+MhsZ0D/DGW2sm8E8AjW7NU5VVTRt5GxbeZ5qBuJr+HyLYkjQ=="
  "resolved" "https://registry.npmjs.org/picocolors/-/picocolors-1.0.0.tgz"
  "version" "1.0.0"

"postcss-js@^4":
  "integrity" "sha512-dDLF8pEO191hJMtlHFPRa8xsizHaM82MLfNkUHdUtVEV3tgTp5oj+8qbEqYM57SLfc74KSbw//4SeJma2LRVIw=="
  "resolved" "https://registry.npmjs.org/postcss-js/-/postcss-js-4.0.1.tgz"
  "version" "4.0.1"
  dependencies:
    "camelcase-css" "^2.0.1"

"postcss@^8.4.21":
  "integrity" "sha512-PS08Iboia9mts/2ygV3eLpY5ghnUcfLV/EXTOW1E2qYxJKGGBUtNjN76FYHnMs36RmARn41bC0AZmn+rR0OVpQ=="
  "resolved" "https://registry.npmjs.org/postcss/-/postcss-8.4.31.tgz"
  "version" "8.4.31"
  dependencies:
    "nanoid" "^3.3.6"
    "picocolors" "^1.0.0"
    "source-map-js" "^1.0.2"

"source-map-js@^1.0.2":
  "integrity" "sha512-R0XvVJ9WusLiqTCEiGCmICCMplcCkIwwR11mOSD9CR5u+IXYdiseeEuXCVAjS54zqwkLcPNnmU4OeJ6tUrWhDw=="
  "resolved" "https://registry.npmjs.org/source-map-js/-/source-map-js-1.0.2.tgz"
  "version" "1.0.2"

"stimulus-dropdown@^2.1.0":
  "integrity" "sha512-p4Bs56/ilB2E0lfFaNajKIHZK1PMUUDnhDl74f97bn087fxIfRB7WQekVtTTWJdRlf3EIgSsDX7K1TsaLiIcLg=="
  "resolved" "https://registry.npmjs.org/stimulus-dropdown/-/stimulus-dropdown-2.1.0.tgz"
  "version" "2.1.0"
  dependencies:
    "stimulus-use" "^0.51.1"

"stimulus-notification@^2.2.0":
  "integrity" "sha512-i1Z5IHDuMzwrRxnjqaftQcIseybouMiKfiC0aeFvoznXOo14gx7LWE5a8lssbQJQhbTcxq1RSVOKztkcmrKxng=="
  "resolved" "https://registry.npmjs.org/stimulus-notification/-/stimulus-notification-2.2.0.tgz"
  "version" "2.2.0"
  dependencies:
    "stimulus-use" "^0.51.1"

"stimulus-use@^0.51.1":
  "integrity" "sha512-V4YETxMFL4/bpmcqlwFtaOaJg9sLF+XlWsvXrsoWVA5jffsqe7uAvV6gGPPQta7Hgx01vovA0yNsWUe2eU9Jmw=="
  "resolved" "https://registry.npmjs.org/stimulus-use/-/stimulus-use-0.51.3.tgz"
  "version" "0.51.3"
  dependencies:
    "hotkeys-js" ">=3"

"tailwindcss-animate@^1.0.7":
  "integrity" "sha512-bl6mpH3T7I3UFxuvDEXLxy/VuFxBk5bbzplh7tXI68mwMokNYd1t9qPBHlnyTwfa4JGC4zP516I1hYYtQ/vspA=="
  "resolved" "https://registry.npmjs.org/tailwindcss-animate/-/tailwindcss-animate-1.0.7.tgz"
  "version" "1.0.7"

"tailwindcss@>=3.0.0 || insiders", "tailwindcss@file:../../../.nvm/versions/node/v18.13.0/lib/node_modules/tailwindcss":
  "resolved" "file:../../../.nvm/versions/node/v18.13.0/lib/node_modules/tailwindcss"
  "version" "3.3.3"
  dependencies:
    "@alloc/quick-lru" "^5.2.0"
    "arg" "^5.0.2"
    "chokidar" "^3.5.3"
    "didyoumean" "^1.2.2"
    "dlv" "^1.1.3"
    "fast-glob" "^3.2.12"
    "glob-parent" "^6.0.2"
    "is-glob" "^4.0.3"
    "jiti" "^1.18.2"
    "lilconfig" "^2.1.0"
    "micromatch" "^4.0.5"
    "normalize-path" "^3.0.0"
    "object-hash" "^3.0.0"
    "picocolors" "^1.0.0"
    "postcss" "^8.4.23"
    "postcss-import" "^15.1.0"
    "postcss-js" "^4.0.1"
    "postcss-load-config" "^4.0.1"
    "postcss-nested" "^6.0.1"
    "postcss-selector-parser" "^6.0.11"
    "resolve" "^1.22.2"
    "sucrase" "^3.32.0"

"tom-select@^2.2.2":
  "integrity" "sha512-igGah1yY6yhrnN2h/Ky8I5muw/nE/YQxIsEZoYu5qaA4bsRibvKto3s8QZZosKpOd0uO8fNYhRfAwgHB4IAYew=="
  "resolved" "https://registry.npmjs.org/tom-select/-/tom-select-2.2.2.tgz"
  "version" "2.2.2"
  dependencies:
    "@orchidjs/sifter" "^1.0.3"
    "@orchidjs/unicode-variants" "^1.0.4"
